{
  "originHash" : "930115c0d264c86439d0c83454a4044c07050c475322ff23f654cfd7bc852c93",
  "pins" : [
    {
      "identity" : "freemiumkit",
      "kind" : "remoteSourceControl",
      "location" : "https://github.com/FlineDev/FreemiumKit.git",
      "state" : {
        "revision" : "afdcaebebab117114809e9bb33008dcb0526fdf7",
        "version" : "1.12.1"
      }
    },
    {
      "identity" : "linkskit",
      "kind" : "remoteSourceControl",
      "location" : "https://github.com/FlineDev/LinksKit.git",
      "state" : {
        "revision" : "fdc0c18810d645e9fd2a4952d438ccd60d580895",
        "version" : "1.0.3"
      }
    }
  ],
  "version" : 3
}
