// !$*UTF8*$!
{
	archiveVersion = 1;
	classes = {
	};
	objectVersion = 56;
	objects = {

/* Begin PBXBuildFile section */
		5759C4E92C08756E00294392 /* FindByAppNameView.swift in Sources */ = {isa = PBXBuildFile; fileRef = 5759C4E82C08756E00294392 /* FindByAppNameView.swift */; };
		5759C4EB2C08835900294392 /* FindByAppStoreLinkView.swift in Sources */ = {isa = PBXBuildFile; fileRef = 5759C4EA2C08835900294392 /* FindByAppStoreLinkView.swift */; };
		57D7F8312C04E04900294392 /* AppExhibitApp.swift in Sources */ = {isa = PBXBuildFile; fileRef = 57D7F8302C04E04900294392 /* AppExhibitApp.swift */; };
		57D7F8332C04E04900294392 /* ContentView.swift in Sources */ = {isa = PBXBuildFile; fileRef = 57D7F8322C04E04900294392 /* ContentView.swift */; };
		57D7F8352C04E04900294392 /* AppItem.swift in Sources */ = {isa = PBXBuildFile; fileRef = 57D7F8342C04E04900294392 /* AppItem.swift */; };
		57D7F8372C04E04B00294392 /* Assets.xcassets in Resources */ = {isa = PBXBuildFile; fileRef = 57D7F8362C04E04B00294392 /* Assets.xcassets */; };
		57D7F83A2C04E04B00294392 /* Preview Assets.xcassets in Resources */ = {isa = PBXBuildFile; fileRef = 57D7F8392C04E04B00294392 /* Preview Assets.xcassets */; };
		57D7F8412C04EB0200294392 /* AddAppView.swift in Sources */ = {isa = PBXBuildFile; fileRef = 57D7F8402C04EB0200294392 /* AddAppView.swift */; };
		57D7F8432C05117000294392 /* AppDetailView.swift in Sources */ = {isa = PBXBuildFile; fileRef = 57D7F8422C05117000294392 /* AppDetailView.swift */; };
		57D7F8452C05138100294392 /* AppIconView.swift in Sources */ = {isa = PBXBuildFile; fileRef = 57D7F8442C05138100294392 /* AppIconView.swift */; };
		57D7F8472C05E6DB00294392 /* PhotoZoomableView.swift in Sources */ = {isa = PBXBuildFile; fileRef = 57D7F8462C05E6DB00294392 /* PhotoZoomableView.swift */; };
		57D7F8492C05E7CB00294392 /* PhotoZoomableContainerView.swift in Sources */ = {isa = PBXBuildFile; fileRef = 57D7F8482C05E7CB00294392 /* PhotoZoomableContainerView.swift */; };
		57D7F84C2C05FCB800294392 /* ITunesAPIServiceProtocol.swift in Sources */ = {isa = PBXBuildFile; fileRef = 57D7F84B2C05FCB800294392 /* ITunesAPIServiceProtocol.swift */; };
		57D7F84F2C05FD3200294392 /* ITunesAPIResult.swift in Sources */ = {isa = PBXBuildFile; fileRef = 57D7F84E2C05FD3200294392 /* ITunesAPIResult.swift */; };
		57D7F8512C05FD5A00294392 /* ITunesAPIResults.swift in Sources */ = {isa = PBXBuildFile; fileRef = 57D7F8502C05FD5A00294392 /* ITunesAPIResults.swift */; };
		57D7F8532C05FF4400294392 /* ITunesAPIService.swift in Sources */ = {isa = PBXBuildFile; fileRef = 57D7F8522C05FF4400294392 /* ITunesAPIService.swift */; };
		57D7F8552C0602EE00294392 /* AddAppViewModel.swift in Sources */ = {isa = PBXBuildFile; fileRef = 57D7F8542C0602EE00294392 /* AddAppViewModel.swift */; };
/* End PBXBuildFile section */

/* Begin PBXFileReference section */
		5759C4E82C08756E00294392 /* FindByAppNameView.swift */ = {isa = PBXFileReference; lastKnownFileType = sourcecode.swift; path = FindByAppNameView.swift; sourceTree = "<group>"; };
		5759C4EA2C08835900294392 /* FindByAppStoreLinkView.swift */ = {isa = PBXFileReference; lastKnownFileType = sourcecode.swift; path = FindByAppStoreLinkView.swift; sourceTree = "<group>"; };
		57D7F82D2C04E04900294392 /* AppExhibit.app */ = {isa = PBXFileReference; explicitFileType = wrapper.application; includeInIndex = 0; path = AppExhibit.app; sourceTree = BUILT_PRODUCTS_DIR; };
		57D7F8302C04E04900294392 /* AppExhibitApp.swift */ = {isa = PBXFileReference; lastKnownFileType = sourcecode.swift; path = AppExhibitApp.swift; sourceTree = "<group>"; };
		57D7F8322C04E04900294392 /* ContentView.swift */ = {isa = PBXFileReference; lastKnownFileType = sourcecode.swift; path = ContentView.swift; sourceTree = "<group>"; };
		57D7F8342C04E04900294392 /* AppItem.swift */ = {isa = PBXFileReference; lastKnownFileType = sourcecode.swift; path = AppItem.swift; sourceTree = "<group>"; };
		57D7F8362C04E04B00294392 /* Assets.xcassets */ = {isa = PBXFileReference; lastKnownFileType = folder.assetcatalog; path = Assets.xcassets; sourceTree = "<group>"; };
		57D7F8392C04E04B00294392 /* Preview Assets.xcassets */ = {isa = PBXFileReference; lastKnownFileType = folder.assetcatalog; path = "Preview Assets.xcassets"; sourceTree = "<group>"; };
		57D7F8402C04EB0200294392 /* AddAppView.swift */ = {isa = PBXFileReference; lastKnownFileType = sourcecode.swift; path = AddAppView.swift; sourceTree = "<group>"; };
		57D7F8422C05117000294392 /* AppDetailView.swift */ = {isa = PBXFileReference; lastKnownFileType = sourcecode.swift; path = AppDetailView.swift; sourceTree = "<group>"; };
		57D7F8442C05138100294392 /* AppIconView.swift */ = {isa = PBXFileReference; lastKnownFileType = sourcecode.swift; path = AppIconView.swift; sourceTree = "<group>"; };
		57D7F8462C05E6DB00294392 /* PhotoZoomableView.swift */ = {isa = PBXFileReference; lastKnownFileType = sourcecode.swift; path = PhotoZoomableView.swift; sourceTree = "<group>"; };
		57D7F8482C05E7CB00294392 /* PhotoZoomableContainerView.swift */ = {isa = PBXFileReference; lastKnownFileType = sourcecode.swift; path = PhotoZoomableContainerView.swift; sourceTree = "<group>"; };
		57D7F84B2C05FCB800294392 /* ITunesAPIServiceProtocol.swift */ = {isa = PBXFileReference; lastKnownFileType = sourcecode.swift; path = ITunesAPIServiceProtocol.swift; sourceTree = "<group>"; };
		57D7F84E2C05FD3200294392 /* ITunesAPIResult.swift */ = {isa = PBXFileReference; lastKnownFileType = sourcecode.swift; path = ITunesAPIResult.swift; sourceTree = "<group>"; };
		57D7F8502C05FD5A00294392 /* ITunesAPIResults.swift */ = {isa = PBXFileReference; lastKnownFileType = sourcecode.swift; path = ITunesAPIResults.swift; sourceTree = "<group>"; };
		57D7F8522C05FF4400294392 /* ITunesAPIService.swift */ = {isa = PBXFileReference; lastKnownFileType = sourcecode.swift; path = ITunesAPIService.swift; sourceTree = "<group>"; };
		57D7F8542C0602EE00294392 /* AddAppViewModel.swift */ = {isa = PBXFileReference; lastKnownFileType = sourcecode.swift; path = AddAppViewModel.swift; sourceTree = "<group>"; };
/* End PBXFileReference section */

/* Begin PBXFrameworksBuildPhase section */
		57D7F82A2C04E04900294392 /* Frameworks */ = {
			isa = PBXFrameworksBuildPhase;
			buildActionMask = 2147483647;
			files = (
			);
			runOnlyForDeploymentPostprocessing = 0;
		};
/* End PBXFrameworksBuildPhase section */

/* Begin PBXGroup section */
		578881F72C08E65D00294392 /* Views */ = {
			isa = PBXGroup;
			children = (
				57D7F8322C04E04900294392 /* ContentView.swift */,
				57D7F8422C05117000294392 /* AppDetailView.swift */,
				578881F82C08E66D00294392 /* AddAppViews */,
				578881F92C08E69300294392 /* GeneralViews */,
			);
			path = Views;
			sourceTree = "<group>";
		};
		578881F82C08E66D00294392 /* AddAppViews */ = {
			isa = PBXGroup;
			children = (
				5759C4E82C08756E00294392 /* FindByAppNameView.swift */,
				5759C4EA2C08835900294392 /* FindByAppStoreLinkView.swift */,
				57D7F8402C04EB0200294392 /* AddAppView.swift */,
			);
			path = AddAppViews;
			sourceTree = "<group>";
		};
		578881F92C08E69300294392 /* GeneralViews */ = {
			isa = PBXGroup;
			children = (
				57D7F8482C05E7CB00294392 /* PhotoZoomableContainerView.swift */,
				57D7F8462C05E6DB00294392 /* PhotoZoomableView.swift */,
				57D7F8442C05138100294392 /* AppIconView.swift */,
			);
			path = GeneralViews;
			sourceTree = "<group>";
		};
		578881FA2C08E6CA00294392 /* ViewModels */ = {
			isa = PBXGroup;
			children = (
				57D7F8542C0602EE00294392 /* AddAppViewModel.swift */,
			);
			path = ViewModels;
			sourceTree = "<group>";
		};
		57D7F8242C04E04900294392 = {
			isa = PBXGroup;
			children = (
				57D7F82F2C04E04900294392 /* AppExhibit */,
				57D7F82E2C04E04900294392 /* Products */,
			);
			sourceTree = "<group>";
		};
		57D7F82E2C04E04900294392 /* Products */ = {
			isa = PBXGroup;
			children = (
				57D7F82D2C04E04900294392 /* AppExhibit.app */,
			);
			name = Products;
			sourceTree = "<group>";
		};
		57D7F82F2C04E04900294392 /* AppExhibit */ = {
			isa = PBXGroup;
			children = (
				57D7F8302C04E04900294392 /* AppExhibitApp.swift */,
				578881F72C08E65D00294392 /* Views */,
				578881FA2C08E6CA00294392 /* ViewModels */,
				57D7F84D2C05FCD400294392 /* Models */,
				57D7F84A2C05FC2100294392 /* Services */,
				57D7F8362C04E04B00294392 /* Assets.xcassets */,
				57D7F8382C04E04B00294392 /* Preview Content */,
			);
			path = AppExhibit;
			sourceTree = "<group>";
		};
		57D7F8382C04E04B00294392 /* Preview Content */ = {
			isa = PBXGroup;
			children = (
				57D7F8392C04E04B00294392 /* Preview Assets.xcassets */,
			);
			path = "Preview Content";
			sourceTree = "<group>";
		};
		57D7F84A2C05FC2100294392 /* Services */ = {
			isa = PBXGroup;
			children = (
				57D7F84B2C05FCB800294392 /* ITunesAPIServiceProtocol.swift */,
				57D7F8522C05FF4400294392 /* ITunesAPIService.swift */,
			);
			path = Services;
			sourceTree = "<group>";
		};
		57D7F84D2C05FCD400294392 /* Models */ = {
			isa = PBXGroup;
			children = (
				57D7F8342C04E04900294392 /* AppItem.swift */,
				57D7F84E2C05FD3200294392 /* ITunesAPIResult.swift */,
				57D7F8502C05FD5A00294392 /* ITunesAPIResults.swift */,
			);
			path = Models;
			sourceTree = "<group>";
		};
/* End PBXGroup section */

/* Begin PBXNativeTarget section */
		57D7F82C2C04E04900294392 /* AppExhibit */ = {
			isa = PBXNativeTarget;
			buildConfigurationList = 57D7F83D2C04E04B00294392 /* Build configuration list for PBXNativeTarget "AppExhibit" */;
			buildPhases = (
				57D7F8292C04E04900294392 /* Sources */,
				57D7F82A2C04E04900294392 /* Frameworks */,
				57D7F82B2C04E04900294392 /* Resources */,
			);
			buildRules = (
			);
			dependencies = (
			);
			name = AppExhibit;
			productName = AppExhibit;
			productReference = 57D7F82D2C04E04900294392 /* AppExhibit.app */;
			productType = "com.apple.product-type.application";
		};
/* End PBXNativeTarget section */

/* Begin PBXProject section */
		57D7F8252C04E04900294392 /* Project object */ = {
			isa = PBXProject;
			attributes = {
				BuildIndependentTargetsInParallel = 1;
				LastSwiftUpdateCheck = 1540;
				LastUpgradeCheck = 1540;
				TargetAttributes = {
					57D7F82C2C04E04900294392 = {
						CreatedOnToolsVersion = 15.4;
					};
				};
			};
			buildConfigurationList = 57D7F8282C04E04900294392 /* Build configuration list for PBXProject "AppExhibit" */;
			compatibilityVersion = "Xcode 14.0";
			developmentRegion = en;
			hasScannedForEncodings = 0;
			knownRegions = (
				en,
				Base,
			);
			mainGroup = 57D7F8242C04E04900294392;
			productRefGroup = 57D7F82E2C04E04900294392 /* Products */;
			projectDirPath = "";
			projectRoot = "";
			targets = (
				57D7F82C2C04E04900294392 /* AppExhibit */,
			);
		};
/* End PBXProject section */

/* Begin PBXResourcesBuildPhase section */
		57D7F82B2C04E04900294392 /* Resources */ = {
			isa = PBXResourcesBuildPhase;
			buildActionMask = 2147483647;
			files = (
				57D7F83A2C04E04B00294392 /* Preview Assets.xcassets in Resources */,
				57D7F8372C04E04B00294392 /* Assets.xcassets in Resources */,
			);
			runOnlyForDeploymentPostprocessing = 0;
		};
/* End PBXResourcesBuildPhase section */

/* Begin PBXSourcesBuildPhase section */
		57D7F8292C04E04900294392 /* Sources */ = {
			isa = PBXSourcesBuildPhase;
			buildActionMask = 2147483647;
			files = (
				57D7F8492C05E7CB00294392 /* PhotoZoomableContainerView.swift in Sources */,
				57D7F84F2C05FD3200294392 /* ITunesAPIResult.swift in Sources */,
				57D7F8332C04E04900294392 /* ContentView.swift in Sources */,
				5759C4E92C08756E00294392 /* FindByAppNameView.swift in Sources */,
				57D7F8352C04E04900294392 /* AppItem.swift in Sources */,
				57D7F84C2C05FCB800294392 /* ITunesAPIServiceProtocol.swift in Sources */,
				57D7F8552C0602EE00294392 /* AddAppViewModel.swift in Sources */,
				57D7F8432C05117000294392 /* AppDetailView.swift in Sources */,
				57D7F8312C04E04900294392 /* AppExhibitApp.swift in Sources */,
				57D7F8472C05E6DB00294392 /* PhotoZoomableView.swift in Sources */,
				57D7F8532C05FF4400294392 /* ITunesAPIService.swift in Sources */,
				57D7F8512C05FD5A00294392 /* ITunesAPIResults.swift in Sources */,
				57D7F8412C04EB0200294392 /* AddAppView.swift in Sources */,
				5759C4EB2C08835900294392 /* FindByAppStoreLinkView.swift in Sources */,
				57D7F8452C05138100294392 /* AppIconView.swift in Sources */,
			);
			runOnlyForDeploymentPostprocessing = 0;
		};
/* End PBXSourcesBuildPhase section */

/* Begin XCBuildConfiguration section */
		57D7F83B2C04E04B00294392 /* Debug */ = {
			isa = XCBuildConfiguration;
			buildSettings = {
				ALWAYS_SEARCH_USER_PATHS = NO;
				ASSETCATALOG_COMPILER_GENERATE_SWIFT_ASSET_SYMBOL_EXTENSIONS = YES;
				CLANG_ANALYZER_NONNULL = YES;
				CLANG_ANALYZER_NUMBER_OBJECT_CONVERSION = YES_AGGRESSIVE;
				CLANG_CXX_LANGUAGE_STANDARD = "gnu++20";
				CLANG_ENABLE_MODULES = YES;
				CLANG_ENABLE_OBJC_ARC = YES;
				CLANG_ENABLE_OBJC_WEAK = YES;
				CLANG_WARN_BLOCK_CAPTURE_AUTORELEASING = YES;
				CLANG_WARN_BOOL_CONVERSION = YES;
				CLANG_WARN_COMMA = YES;
				CLANG_WARN_CONSTANT_CONVERSION = YES;
				CLANG_WARN_DEPRECATED_OBJC_IMPLEMENTATIONS = YES;
				CLANG_WARN_DIRECT_OBJC_ISA_USAGE = YES_ERROR;
				CLANG_WARN_DOCUMENTATION_COMMENTS = YES;
				CLANG_WARN_EMPTY_BODY = YES;
				CLANG_WARN_ENUM_CONVERSION = YES;
				CLANG_WARN_INFINITE_RECURSION = YES;
				CLANG_WARN_INT_CONVERSION = YES;
				CLANG_WARN_NON_LITERAL_NULL_CONVERSION = YES;
				CLANG_WARN_OBJC_IMPLICIT_RETAIN_SELF = YES;
				CLANG_WARN_OBJC_LITERAL_CONVERSION = YES;
				CLANG_WARN_OBJC_ROOT_CLASS = YES_ERROR;
				CLANG_WARN_QUOTED_INCLUDE_IN_FRAMEWORK_HEADER = YES;
				CLANG_WARN_RANGE_LOOP_ANALYSIS = YES;
				CLANG_WARN_STRICT_PROTOTYPES = YES;
				CLANG_WARN_SUSPICIOUS_MOVE = YES;
				CLANG_WARN_UNGUARDED_AVAILABILITY = YES_AGGRESSIVE;
				CLANG_WARN_UNREACHABLE_CODE = YES;
				CLANG_WARN__DUPLICATE_METHOD_MATCH = YES;
				COPY_PHASE_STRIP = NO;
				DEBUG_INFORMATION_FORMAT = dwarf;
				ENABLE_STRICT_OBJC_MSGSEND = YES;
				ENABLE_TESTABILITY = YES;
				ENABLE_USER_SCRIPT_SANDBOXING = YES;
				GCC_C_LANGUAGE_STANDARD = gnu17;
				GCC_DYNAMIC_NO_PIC = NO;
				GCC_NO_COMMON_BLOCKS = YES;
				GCC_OPTIMIZATION_LEVEL = 0;
				GCC_PREPROCESSOR_DEFINITIONS = (
					"DEBUG=1",
					"$(inherited)",
				);
				GCC_WARN_64_TO_32_BIT_CONVERSION = YES;
				GCC_WARN_ABOUT_RETURN_TYPE = YES_ERROR;
				GCC_WARN_UNDECLARED_SELECTOR = YES;
				GCC_WARN_UNINITIALIZED_AUTOS = YES_AGGRESSIVE;
				GCC_WARN_UNUSED_FUNCTION = YES;
				GCC_WARN_UNUSED_VARIABLE = YES;
				IPHONEOS_DEPLOYMENT_TARGET = 17.5;
				LOCALIZATION_PREFERS_STRING_CATALOGS = YES;
				MTL_ENABLE_DEBUG_INFO = INCLUDE_SOURCE;
				MTL_FAST_MATH = YES;
				ONLY_ACTIVE_ARCH = YES;
				SDKROOT = iphoneos;
				SWIFT_ACTIVE_COMPILATION_CONDITIONS = "DEBUG $(inherited)";
				SWIFT_OPTIMIZATION_LEVEL = "-Onone";
			};
			name = Debug;
		};
		57D7F83C2C04E04B00294392 /* Release */ = {
			isa = XCBuildConfiguration;
			buildSettings = {
				ALWAYS_SEARCH_USER_PATHS = NO;
				ASSETCATALOG_COMPILER_GENERATE_SWIFT_ASSET_SYMBOL_EXTENSIONS = YES;
				CLANG_ANALYZER_NONNULL = YES;
				CLANG_ANALYZER_NUMBER_OBJECT_CONVERSION = YES_AGGRESSIVE;
				CLANG_CXX_LANGUAGE_STANDARD = "gnu++20";
				CLANG_ENABLE_MODULES = YES;
				CLANG_ENABLE_OBJC_ARC = YES;
				CLANG_ENABLE_OBJC_WEAK = YES;
				CLANG_WARN_BLOCK_CAPTURE_AUTORELEASING = YES;
				CLANG_WARN_BOOL_CONVERSION = YES;
				CLANG_WARN_COMMA = YES;
				CLANG_WARN_CONSTANT_CONVERSION = YES;
				CLANG_WARN_DEPRECATED_OBJC_IMPLEMENTATIONS = YES;
				CLANG_WARN_DIRECT_OBJC_ISA_USAGE = YES_ERROR;
				CLANG_WARN_DOCUMENTATION_COMMENTS = YES;
				CLANG_WARN_EMPTY_BODY = YES;
				CLANG_WARN_ENUM_CONVERSION = YES;
				CLANG_WARN_INFINITE_RECURSION = YES;
				CLANG_WARN_INT_CONVERSION = YES;
				CLANG_WARN_NON_LITERAL_NULL_CONVERSION = YES;
				CLANG_WARN_OBJC_IMPLICIT_RETAIN_SELF = YES;
				CLANG_WARN_OBJC_LITERAL_CONVERSION = YES;
				CLANG_WARN_OBJC_ROOT_CLASS = YES_ERROR;
				CLANG_WARN_QUOTED_INCLUDE_IN_FRAMEWORK_HEADER = YES;
				CLANG_WARN_RANGE_LOOP_ANALYSIS = YES;
				CLANG_WARN_STRICT_PROTOTYPES = YES;
				CLANG_WARN_SUSPICIOUS_MOVE = YES;
				CLANG_WARN_UNGUARDED_AVAILABILITY = YES_AGGRESSIVE;
				CLANG_WARN_UNREACHABLE_CODE = YES;
				CLANG_WARN__DUPLICATE_METHOD_MATCH = YES;
				COPY_PHASE_STRIP = NO;
				DEBUG_INFORMATION_FORMAT = "dwarf-with-dsym";
				ENABLE_NS_ASSERTIONS = NO;
				ENABLE_STRICT_OBJC_MSGSEND = YES;
				ENABLE_USER_SCRIPT_SANDBOXING = YES;
				GCC_C_LANGUAGE_STANDARD = gnu17;
				GCC_NO_COMMON_BLOCKS = YES;
				GCC_WARN_64_TO_32_BIT_CONVERSION = YES;
				GCC_WARN_ABOUT_RETURN_TYPE = YES_ERROR;
				GCC_WARN_UNDECLARED_SELECTOR = YES;
				GCC_WARN_UNINITIALIZED_AUTOS = YES_AGGRESSIVE;
				GCC_WARN_UNUSED_FUNCTION = YES;
				GCC_WARN_UNUSED_VARIABLE = YES;
				IPHONEOS_DEPLOYMENT_TARGET = 17.5;
				LOCALIZATION_PREFERS_STRING_CATALOGS = YES;
				MTL_ENABLE_DEBUG_INFO = NO;
				MTL_FAST_MATH = YES;
				SDKROOT = iphoneos;
				SWIFT_COMPILATION_MODE = wholemodule;
				VALIDATE_PRODUCT = YES;
			};
			name = Release;
		};
		57D7F83E2C04E04B00294392 /* Debug */ = {
			isa = XCBuildConfiguration;
			buildSettings = {
				ASSETCATALOG_COMPILER_APPICON_NAME = AppIcon;
				ASSETCATALOG_COMPILER_GLOBAL_ACCENT_COLOR_NAME = AccentColor;
				CODE_SIGN_IDENTITY = "Apple Development";
				CODE_SIGN_STYLE = Automatic;
				CURRENT_PROJECT_VERSION = 1;
				DEVELOPMENT_ASSET_PATHS = "\"AppExhibit/Preview Content\"";
				DEVELOPMENT_TEAM = G7HRH2B3C7;
				ENABLE_PREVIEWS = YES;
				GENERATE_INFOPLIST_FILE = YES;
				INFOPLIST_KEY_CFBundleDisplayName = "App Exhibit";
				INFOPLIST_KEY_UIApplicationSceneManifest_Generation = YES;
				INFOPLIST_KEY_UIApplicationSupportsIndirectInputEvents = YES;
				INFOPLIST_KEY_UILaunchScreen_Generation = YES;
				INFOPLIST_KEY_UISupportedInterfaceOrientations = UIInterfaceOrientationPortrait;
				INFOPLIST_KEY_UISupportedInterfaceOrientations_iPad = "UIInterfaceOrientationLandscapeLeft UIInterfaceOrientationLandscapeRight UIInterfaceOrientationPortrait UIInterfaceOrientationPortraitUpsideDown";
				LD_RUNPATH_SEARCH_PATHS = (
					"$(inherited)",
					"@executable_path/Frameworks",
				);
				MARKETING_VERSION = 1.0;
				PRODUCT_BUNDLE_IDENTIFIER = dev.xbow.AppExhibit;
				PRODUCT_NAME = "$(TARGET_NAME)";
				PROVISIONING_PROFILE_SPECIFIER = "";
				SWIFT_EMIT_LOC_STRINGS = YES;
				SWIFT_VERSION = 5.0;
				TARGETED_DEVICE_FAMILY = "1,2";
			};
			name = Debug;
		};
		57D7F83F2C04E04B00294392 /* Release */ = {
			isa = XCBuildConfiguration;
			buildSettings = {
				ASSETCATALOG_COMPILER_APPICON_NAME = AppIcon;
				ASSETCATALOG_COMPILER_GLOBAL_ACCENT_COLOR_NAME = AccentColor;
				CODE_SIGN_IDENTITY = "Apple Development";
				CODE_SIGN_STYLE = Automatic;
				CURRENT_PROJECT_VERSION = 1;
				DEVELOPMENT_ASSET_PATHS = "\"AppExhibit/Preview Content\"";
				DEVELOPMENT_TEAM = G7HRH2B3C7;
				ENABLE_PREVIEWS = YES;
				GENERATE_INFOPLIST_FILE = YES;
				INFOPLIST_KEY_CFBundleDisplayName = "App Exhibit";
				INFOPLIST_KEY_UIApplicationSceneManifest_Generation = YES;
				INFOPLIST_KEY_UIApplicationSupportsIndirectInputEvents = YES;
				INFOPLIST_KEY_UILaunchScreen_Generation = YES;
				INFOPLIST_KEY_UISupportedInterfaceOrientations = UIInterfaceOrientationPortrait;
				INFOPLIST_KEY_UISupportedInterfaceOrientations_iPad = "UIInterfaceOrientationLandscapeLeft UIInterfaceOrientationLandscapeRight UIInterfaceOrientationPortrait UIInterfaceOrientationPortraitUpsideDown";
				LD_RUNPATH_SEARCH_PATHS = (
					"$(inherited)",
					"@executable_path/Frameworks",
				);
				MARKETING_VERSION = 1.0;
				PRODUCT_BUNDLE_IDENTIFIER = dev.xbow.AppExhibit;
				PRODUCT_NAME = "$(TARGET_NAME)";
				PROVISIONING_PROFILE_SPECIFIER = "";
				SWIFT_EMIT_LOC_STRINGS = YES;
				SWIFT_VERSION = 5.0;
				TARGETED_DEVICE_FAMILY = "1,2";
			};
			name = Release;
		};
/* End XCBuildConfiguration section */

/* Begin XCConfigurationList section */
		57D7F8282C04E04900294392 /* Build configuration list for PBXProject "AppExhibit" */ = {
			isa = XCConfigurationList;
			buildConfigurations = (
				57D7F83B2C04E04B00294392 /* Debug */,
				57D7F83C2C04E04B00294392 /* Release */,
			);
			defaultConfigurationIsVisible = 0;
			defaultConfigurationName = Release;
		};
		57D7F83D2C04E04B00294392 /* Build configuration list for PBXNativeTarget "AppExhibit" */ = {
			isa = XCConfigurationList;
			buildConfigurations = (
				57D7F83E2C04E04B00294392 /* Debug */,
				57D7F83F2C04E04B00294392 /* Release */,
			);
			defaultConfigurationIsVisible = 0;
			defaultConfigurationName = Release;
		};
/* End XCConfigurationList section */
	};
	rootObject = 57D7F8252C04E04900294392 /* Project object */;
}
